
Microsoft Visual Studio Solution File, Format Version 12.00
# Visual Studio Version 17
VisualStudioVersion = 17.0.31903.59
MinimumVisualStudioVersion = 10.0.40219.1
Project("{FAE04EC0-301F-11D3-BF4B-00C04F79EFBC}") = "ProductRegister.API", "ProductRegister.API\ProductRegister.API.csproj", "{77800110-FE77-4150-A994-8A47DD91A884}"
EndProject
Project("{FAE04EC0-301F-11D3-BF4B-00C04F79EFBC}") = "ProductRegister.Infra", "ProductRegister.Infra\ProductRegister.Infra.csproj", "{EA02E87A-751C-43F7-B416-B5C3284E09F7}"
EndProject
Global
	GlobalSection(SolutionConfigurationPlatforms) = preSolution
		Debug|Any CPU = Debug|Any CPU
		Release|Any CPU = Release|Any CPU
	EndGlobalSection
	GlobalSection(SolutionProperties) = preSolution
		HideSolutionNode = FALSE
	EndGlobalSection
	GlobalSection(ProjectConfigurationPlatforms) = postSolution
		{77800110-FE77-4150-A994-8A47DD91A884}.Debug|Any CPU.ActiveCfg = Debug|Any CPU
		{77800110-FE77-4150-A994-8A47DD91A884}.Debug|Any CPU.Build.0 = Debug|Any CPU
		{77800110-FE77-4150-A994-8A47DD91A884}.Release|Any CPU.ActiveCfg = Release|Any CPU
		{77800110-FE77-4150-A994-8A47DD91A884}.Release|Any CPU.Build.0 = Release|Any CPU
		{EA02E87A-751C-43F7-B416-B5C3284E09F7}.Debug|Any CPU.ActiveCfg = Debug|Any CPU
		{EA02E87A-751C-43F7-B416-B5C3284E09F7}.Debug|Any CPU.Build.0 = Debug|Any CPU
		{EA02E87A-751C-43F7-B416-B5C3284E09F7}.Release|Any CPU.ActiveCfg = Release|Any CPU
		{EA02E87A-751C-43F7-B416-B5C3284E09F7}.Release|Any CPU.Build.0 = Release|Any CPU
	EndGlobalSection
EndGlobal
